// !$*UTF8*$!
{
	archiveVersion = 1;
	classes = {
	};
	objectVersion = 56;
	objects = {

/* Begin PBXBuildFile section */
		D45CACFC2C26321C00E54F53 /* MegaNZApp.swift in Sources */ = {isa = PBXBuildFile; fileRef = D45CACFB2C26321C00E54F53 /* MegaNZApp.swift */; };
		D45CACFE2C26321C00E54F53 /* ContentView.swift in Sources */ = {isa = PBXBuildFile; fileRef = D45CACFD2C26321C00E54F53 /* ContentView.swift */; };
		D45CAD002C26321D00E54F53 /* Assets.xcassets in Resources */ = {isa = PBXBuildFile; fileRef = D45CACFF2C26321D00E54F53 /* Assets.xcassets */; };
		D45CAD032C26321D00E54F53 /* Preview Assets.xcassets in Resources */ = {isa = PBXBuildFile; fileRef = D45CAD022C26321D00E54F53 /* Preview Assets.xcassets */; };
		D45CAD0D2C26321D00E54F53 /* MegaNZTests.swift in Sources */ = {isa = PBXBuildFile; fileRef = D45CAD0C2C26321D00E54F53 /* MegaNZTests.swift */; };
		D45CAD172C26321D00E54F53 /* MegaNZUITests.swift in Sources */ = {isa = PBXBuildFile; fileRef = D45CAD162C26321D00E54F53 /* MegaNZUITests.swift */; };
		D45CAD192C26321D00E54F53 /* MegaNZUITestsLaunchTests.swift in Sources */ = {isa = PBXBuildFile; fileRef = D45CAD182C26321D00E54F53 /* MegaNZUITestsLaunchTests.swift */; };
/* End PBXBuildFile section */

/* Begin PBXContainerItemProxy section */
		D45CAD092C26321D00E54F53 /* PBXContainerItemProxy */ = {
			isa = PBXContainerItemProxy;
			containerPortal = D45CACF02C26321C00E54F53 /* Project object */;
			proxyType = 1;
			remoteGlobalIDString = D45CACF72C26321C00E54F53;
			remoteInfo = MegaNZ;
		};
		D45CAD132C26321D00E54F53 /* PBXContainerItemProxy */ = {
			isa = PBXContainerItemProxy;
			containerPortal = D45CACF02C26321C00E54F53 /* Project object */;
			proxyType = 1;
			remoteGlobalIDString = D45CACF72C26321C00E54F53;
			remoteInfo = MegaNZ;
		};
/* End PBXContainerItemProxy section */

/* Begin PBXFileReference section */
		D45CACF82C26321C00E54F53 /* MegaNZ.app */ = {isa = PBXFileReference; explicitFileType = wrapper.application; includeInIndex = 0; path = MegaNZ.app; sourceTree = BUILT_PRODUCTS_DIR; };
		D45CACFB2C26321C00E54F53 /* MegaNZApp.swift */ = {isa = PBXFileReference; lastKnownFileType = sourcecode.swift; path = MegaNZApp.swift; sourceTree = "<group>"; };
		D45CACFD2C26321C00E54F53 /* ContentView.swift */ = {isa = PBXFileReference; lastKnownFileType = sourcecode.swift; path = ContentView.swift; sourceTree = "<group>"; };
		D45CACFF2C26321D00E54F53 /* Assets.xcassets */ = {isa = PBXFileReference; lastKnownFileType = folder.assetcatalog; path = Assets.xcassets; sourceTree = "<group>"; };
		D45CAD022C26321D00E54F53 /* Preview Assets.xcassets */ = {isa = PBXFileReference; lastKnownFileType = folder.assetcatalog; path = "Preview Assets.xcassets"; sourceTree = "<group>"; };
		D45CAD082C26321D00E54F53 /* MegaNZTests.xctest */ = {isa = PBXFileReference; explicitFileType = wrapper.cfbundle; includeInIndex = 0; path = MegaNZTests.xctest; sourceTree = BUILT_PRODUCTS_DIR; };
		D45CAD0C2C26321D00E54F53 /* MegaNZTests.swift */ = {isa = PBXFileReference; lastKnownFileType = sourcecode.swift; path = MegaNZTests.swift; sourceTree = "<group>"; };
		D45CAD122C26321D00E54F53 /* MegaNZUITests.xctest */ = {isa = PBXFileReference; explicitFileType = wrapper.cfbundle; includeInIndex = 0; path = MegaNZUITests.xctest; sourceTree = BUILT_PRODUCTS_DIR; };
		D45CAD162C26321D00E54F53 /* MegaNZUITests.swift */ = {isa = PBXFileReference; lastKnownFileType = sourcecode.swift; path = MegaNZUITests.swift; sourceTree = "<group>"; };
		D45CAD182C26321D00E54F53 /* MegaNZUITestsLaunchTests.swift */ = {isa = PBXFileReference; lastKnownFileType = sourcecode.swift; path = MegaNZUITestsLaunchTests.swift; sourceTree = "<group>"; };
/* End PBXFileReference section */

/* Begin PBXFrameworksBuildPhase section */
		D45CACF52C26321C00E54F53 /* Frameworks */ = {
			isa = PBXFrameworksBuildPhase;
			buildActionMask = 2147483647;
			files = (
			);
			runOnlyForDeploymentPostprocessing = 0;
		};
		D45CAD052C26321D00E54F53 /* Frameworks */ = {
			isa = PBXFrameworksBuildPhase;
			buildActionMask = 2147483647;
			files = (
			);
			runOnlyForDeploymentPostprocessing = 0;
		};
		D45CAD0F2C26321D00E54F53 /* Frameworks */ = {
			isa = PBXFrameworksBuildPhase;
			buildActionMask = 2147483647;
			files = (
			);
			runOnlyForDeploymentPostprocessing = 0;
		};
/* End PBXFrameworksBuildPhase section */

/* Begin PBXGroup section */
		D45CACEF2C26321C00E54F53 = {
			isa = PBXGroup;
			children = (
				D45CACFA2C26321C00E54F53 /* MegaNZ */,
				D45CAD0B2C26321D00E54F53 /* MegaNZTests */,
				D45CAD152C26321D00E54F53 /* MegaNZUITests */,
				D45CACF92C26321C00E54F53 /* Products */,
			);
			sourceTree = "<group>";
		};
		D45CACF92C26321C00E54F53 /* Products */ = {
			isa = PBXGroup;
			children = (
				D45CACF82C26321C00E54F53 /* MegaNZ.app */,
				D45CAD082C26321D00E54F53 /* MegaNZTests.xctest */,
				D45CAD122C26321D00E54F53 /* MegaNZUITests.xctest */,
			);
			name = Products;
			sourceTree = "<group>";
		};
		D45CACFA2C26321C00E54F53 /* MegaNZ */ = {
			isa = PBXGroup;
			children = (
				D45CACFB2C26321C00E54F53 /* MegaNZApp.swift */,
				D45CACFD2C26321C00E54F53 /* ContentView.swift */,
				D45CACFF2C26321D00E54F53 /* Assets.xcassets */,
				D45CAD012C26321D00E54F53 /* Preview Content */,
			);
			path = MegaNZ;
			sourceTree = "<group>";
		};
		D45CAD012C26321D00E54F53 /* Preview Content */ = {
			isa = PBXGroup;
			children = (
				D45CAD022C26321D00E54F53 /* Preview Assets.xcassets */,
			);
			path = "Preview Content";
			sourceTree = "<group>";
		};
		D45CAD0B2C26321D00E54F53 /* MegaNZTests */ = {
			isa = PBXGroup;
			children = (
				D45CAD0C2C26321D00E54F53 /* MegaNZTests.swift */,
			);
			path = MegaNZTests;
			sourceTree = "<group>";
		};
		D45CAD152C26321D00E54F53 /* MegaNZUITests */ = {
			isa = PBXGroup;
			children = (
				D45CAD162C26321D00E54F53 /* MegaNZUITests.swift */,
				D45CAD182C26321D00E54F53 /* MegaNZUITestsLaunchTests.swift */,
			);
			path = MegaNZUITests;
			sourceTree = "<group>";
		};
/* End PBXGroup section */

/* Begin PBXNativeTarget section */
		D45CACF72C26321C00E54F53 /* MegaNZ */ = {
			isa = PBXNativeTarget;
			buildConfigurationList = D45CAD1C2C26321D00E54F53 /* Build configuration list for PBXNativeTarget "MegaNZ" */;
			buildPhases = (
				D45CACF42C26321C00E54F53 /* Sources */,
				D45CACF52C26321C00E54F53 /* Frameworks */,
				D45CACF62C26321C00E54F53 /* Resources */,
			);
			buildRules = (
			);
			dependencies = (
			);
			name = MegaNZ;
			productName = MegaNZ;
			productReference = D45CACF82C26321C00E54F53 /* MegaNZ.app */;
			productType = "com.apple.product-type.application";
		};
		D45CAD072C26321D00E54F53 /* MegaNZTests */ = {
			isa = PBXNativeTarget;
			buildConfigurationList = D45CAD1F2C26321D00E54F53 /* Build configuration list for PBXNativeTarget "MegaNZTests" */;
			buildPhases = (
				D45CAD042C26321D00E54F53 /* Sources */,
				D45CAD052C26321D00E54F53 /* Frameworks */,
				D45CAD062C26321D00E54F53 /* Resources */,
			);
			buildRules = (
			);
			dependencies = (
				D45CAD0A2C26321D00E54F53 /* PBXTargetDependency */,
			);
			name = MegaNZTests;
			productName = MegaNZTests;
			productReference = D45CAD082C26321D00E54F53 /* MegaNZTests.xctest */;
			productType = "com.apple.product-type.bundle.unit-test";
		};
		D45CAD112C26321D00E54F53 /* MegaNZUITests */ = {
			isa = PBXNativeTarget;
			buildConfigurationList = D45CAD222C26321D00E54F53 /* Build configuration list for PBXNativeTarget "MegaNZUITests" */;
			buildPhases = (
				D45CAD0E2C26321D00E54F53 /* Sources */,
				D45CAD0F2C26321D00E54F53 /* Frameworks */,
				D45CAD102C26321D00E54F53 /* Resources */,
			);
			buildRules = (
			);
			dependencies = (
				D45CAD142C26321D00E54F53 /* PBXTargetDependency */,
			);
			name = MegaNZUITests;
			productName = MegaNZUITests;
			productReference = D45CAD122C26321D00E54F53 /* MegaNZUITests.xctest */;
			productType = "com.apple.product-type.bundle.ui-testing";
		};
/* End PBXNativeTarget section */

/* Begin PBXProject section */
		D45CACF02C26321C00E54F53 /* Project object */ = {
			isa = PBXProject;
			attributes = {
				BuildIndependentTargetsInParallel = 1;
				LastSwiftUpdateCheck = 1500;
				LastUpgradeCheck = 1500;
				TargetAttributes = {
					D45CACF72C26321C00E54F53 = {
						CreatedOnToolsVersion = 15.0;
					};
					D45CAD072C26321D00E54F53 = {
						CreatedOnToolsVersion = 15.0;
						TestTargetID = D45CACF72C26321C00E54F53;
					};
					D45CAD112C26321D00E54F53 = {
						CreatedOnToolsVersion = 15.0;
						TestTargetID = D45CACF72C26321C00E54F53;
					};
				};
			};
			buildConfigurationList = D45CACF32C26321C00E54F53 /* Build configuration list for PBXProject "MegaNZ" */;
			compatibilityVersion = "Xcode 14.0";
			developmentRegion = en;
			hasScannedForEncodings = 0;
			knownRegions = (
				en,
				Base,
			);
			mainGroup = D45CACEF2C26321C00E54F53;
			productRefGroup = D45CACF92C26321C00E54F53 /* Products */;
			projectDirPath = "";
			projectRoot = "";
			targets = (
				D45CACF72C26321C00E54F53 /* MegaNZ */,
				D45CAD072C26321D00E54F53 /* MegaNZTests */,
				D45CAD112C26321D00E54F53 /* MegaNZUITests */,
			);
		};
/* End PBXProject section */

/* Begin PBXResourcesBuildPhase section */
		D45CACF62C26321C00E54F53 /* Resources */ = {
			isa = PBXResourcesBuildPhase;
			buildActionMask = 2147483647;
			files = (
				D45CAD032C26321D00E54F53 /* Preview Assets.xcassets in Resources */,
				D45CAD002C26321D00E54F53 /* Assets.xcassets in Resources */,
			);
			runOnlyForDeploymentPostprocessing = 0;
		};
		D45CAD062C26321D00E54F53 /* Resources */ = {
			isa = PBXResourcesBuildPhase;
			buildActionMask = 2147483647;
			files = (
			);
			runOnlyForDeploymentPostprocessing = 0;
		};
		D45CAD102C26321D00E54F53 /* Resources */ = {
			isa = PBXResourcesBuildPhase;
			buildActionMask = 2147483647;
			files = (
			);
			runOnlyForDeploymentPostprocessing = 0;
		};
/* End PBXResourcesBuildPhase section */

/* Begin PBXSourcesBuildPhase section */
		D45CACF42C26321C00E54F53 /* Sources */ = {
			isa = PBXSourcesBuildPhase;
			buildActionMask = 2147483647;
			files = (
				D45CACFE2C26321C00E54F53 /* ContentView.swift in Sources */,
				D45CACFC2C26321C00E54F53 /* MegaNZApp.swift in Sources */,
			);
			runOnlyForDeploymentPostprocessing = 0;
		};
		D45CAD042C26321D00E54F53 /* Sources */ = {
			isa = PBXSourcesBuildPhase;
			buildActionMask = 2147483647;
			files = (
				D45CAD0D2C26321D00E54F53 /* MegaNZTests.swift in Sources */,
			);
			runOnlyForDeploymentPostprocessing = 0;
		};
		D45CAD0E2C26321D00E54F53 /* Sources */ = {
			isa = PBXSourcesBuildPhase;
			buildActionMask = 2147483647;
			files = (
				D45CAD192C26321D00E54F53 /* MegaNZUITestsLaunchTests.swift in Sources */,
				D45CAD172C26321D00E54F53 /* MegaNZUITests.swift in Sources */,
			);
			runOnlyForDeploymentPostprocessing = 0;
		};
/* End PBXSourcesBuildPhase section */

/* Begin PBXTargetDependency section */
		D45CAD0A2C26321D00E54F53 /* PBXTargetDependency */ = {
			isa = PBXTargetDependency;
			target = D45CACF72C26321C00E54F53 /* MegaNZ */;
			targetProxy = D45CAD092C26321D00E54F53 /* PBXContainerItemProxy */;
		};
		D45CAD142C26321D00E54F53 /* PBXTargetDependency */ = {
			isa = PBXTargetDependency;
			target = D45CACF72C26321C00E54F53 /* MegaNZ */;
			targetProxy = D45CAD132C26321D00E54F53 /* PBXContainerItemProxy */;
		};
/* End PBXTargetDependency section */

/* Begin XCBuildConfiguration section */
		D45CAD1A2C26321D00E54F53 /* Debug */ = {
			isa = XCBuildConfiguration;
			buildSettings = {
				ALWAYS_SEARCH_USER_PATHS = NO;
				ASSETCATALOG_COMPILER_GENERATE_SWIFT_ASSET_SYMBOL_EXTENSIONS = YES;
				CLANG_ANALYZER_NONNULL = YES;
				CLANG_ANALYZER_NUMBER_OBJECT_CONVERSION = YES_AGGRESSIVE;
				CLANG_CXX_LANGUAGE_STANDARD = "gnu++20";
				CLANG_ENABLE_MODULES = YES;
				CLANG_ENABLE_OBJC_ARC = YES;
				CLANG_ENABLE_OBJC_WEAK = YES;
				CLANG_WARN_BLOCK_CAPTURE_AUTORELEASING = YES;
				CLANG_WARN_BOOL_CONVERSION = YES;
				CLANG_WARN_COMMA = YES;
				CLANG_WARN_CONSTANT_CONVERSION = YES;
				CLANG_WARN_DEPRECATED_OBJC_IMPLEMENTATIONS = YES;
				CLANG_WARN_DIRECT_OBJC_ISA_USAGE = YES_ERROR;
				CLANG_WARN_DOCUMENTATION_COMMENTS = YES;
				CLANG_WARN_EMPTY_BODY = YES;
				CLANG_WARN_ENUM_CONVERSION = YES;
				CLANG_WARN_INFINITE_RECURSION = YES;
				CLANG_WARN_INT_CONVERSION = YES;
				CLANG_WARN_NON_LITERAL_NULL_CONVERSION = YES;
				CLANG_WARN_OBJC_IMPLICIT_RETAIN_SELF = YES;
				CLANG_WARN_OBJC_LITERAL_CONVERSION = YES;
				CLANG_WARN_OBJC_ROOT_CLASS = YES_ERROR;
				CLANG_WARN_QUOTED_INCLUDE_IN_FRAMEWORK_HEADER = YES;
				CLANG_WARN_RANGE_LOOP_ANALYSIS = YES;
				CLANG_WARN_STRICT_PROTOTYPES = YES;
				CLANG_WARN_SUSPICIOUS_MOVE = YES;
				CLANG_WARN_UNGUARDED_AVAILABILITY = YES_AGGRESSIVE;
				CLANG_WARN_UNREACHABLE_CODE = YES;
				CLANG_WARN__DUPLICATE_METHOD_MATCH = YES;
				COPY_PHASE_STRIP = NO;
				DEBUG_INFORMATION_FORMAT = dwarf;
				ENABLE_STRICT_OBJC_MSGSEND = YES;
				ENABLE_TESTABILITY = YES;
				ENABLE_USER_SCRIPT_SANDBOXING = YES;
				GCC_C_LANGUAGE_STANDARD = gnu17;
				GCC_DYNAMIC_NO_PIC = NO;
				GCC_NO_COMMON_BLOCKS = YES;
				GCC_OPTIMIZATION_LEVEL = 0;
				GCC_PREPROCESSOR_DEFINITIONS = (
					"DEBUG=1",
					"$(inherited)",
				);
				GCC_WARN_64_TO_32_BIT_CONVERSION = YES;
				GCC_WARN_ABOUT_RETURN_TYPE = YES_ERROR;
				GCC_WARN_UNDECLARED_SELECTOR = YES;
				GCC_WARN_UNINITIALIZED_AUTOS = YES_AGGRESSIVE;
				GCC_WARN_UNUSED_FUNCTION = YES;
				GCC_WARN_UNUSED_VARIABLE = YES;
				IPHONEOS_DEPLOYMENT_TARGET = 17.0;
				LOCALIZATION_PREFERS_STRING_CATALOGS = YES;
				MTL_ENABLE_DEBUG_INFO = INCLUDE_SOURCE;
				MTL_FAST_MATH = YES;
				ONLY_ACTIVE_ARCH = YES;
				SDKROOT = iphoneos;
				SWIFT_ACTIVE_COMPILATION_CONDITIONS = "DEBUG $(inherited)";
				SWIFT_OPTIMIZATION_LEVEL = "-Onone";
			};
			name = Debug;
		};
		D45CAD1B2C26321D00E54F53 /* Release */ = {
			isa = XCBuildConfiguration;
			buildSettings = {
				ALWAYS_SEARCH_USER_PATHS = NO;
				ASSETCATALOG_COMPILER_GENERATE_SWIFT_ASSET_SYMBOL_EXTENSIONS = YES;
				CLANG_ANALYZER_NONNULL = YES;
				CLANG_ANALYZER_NUMBER_OBJECT_CONVERSION = YES_AGGRESSIVE;
				CLANG_CXX_LANGUAGE_STANDARD = "gnu++20";
				CLANG_ENABLE_MODULES = YES;
				CLANG_ENABLE_OBJC_ARC = YES;
				CLANG_ENABLE_OBJC_WEAK = YES;
				CLANG_WARN_BLOCK_CAPTURE_AUTORELEASING = YES;
				CLANG_WARN_BOOL_CONVERSION = YES;
				CLANG_WARN_COMMA = YES;
				CLANG_WARN_CONSTANT_CONVERSION = YES;
				CLANG_WARN_DEPRECATED_OBJC_IMPLEMENTATIONS = YES;
				CLANG_WARN_DIRECT_OBJC_ISA_USAGE = YES_ERROR;
				CLANG_WARN_DOCUMENTATION_COMMENTS = YES;
				CLANG_WARN_EMPTY_BODY = YES;
				CLANG_WARN_ENUM_CONVERSION = YES;
				CLANG_WARN_INFINITE_RECURSION = YES;
				CLANG_WARN_INT_CONVERSION = YES;
				CLANG_WARN_NON_LITERAL_NULL_CONVERSION = YES;
				CLANG_WARN_OBJC_IMPLICIT_RETAIN_SELF = YES;
				CLANG_WARN_OBJC_LITERAL_CONVERSION = YES;
				CLANG_WARN_OBJC_ROOT_CLASS = YES_ERROR;
				CLANG_WARN_QUOTED_INCLUDE_IN_FRAMEWORK_HEADER = YES;
				CLANG_WARN_RANGE_LOOP_ANALYSIS = YES;
				CLANG_WARN_STRICT_PROTOTYPES = YES;
				CLANG_WARN_SUSPICIOUS_MOVE = YES;
				CLANG_WARN_UNGUARDED_AVAILABILITY = YES_AGGRESSIVE;
				CLANG_WARN_UNREACHABLE_CODE = YES;
				CLANG_WARN__DUPLICATE_METHOD_MATCH = YES;
				COPY_PHASE_STRIP = NO;
				DEBUG_INFORMATION_FORMAT = "dwarf-with-dsym";
				ENABLE_NS_ASSERTIONS = NO;
				ENABLE_STRICT_OBJC_MSGSEND = YES;
				ENABLE_USER_SCRIPT_SANDBOXING = YES;
				GCC_C_LANGUAGE_STANDARD = gnu17;
				GCC_NO_COMMON_BLOCKS = YES;
				GCC_WARN_64_TO_32_BIT_CONVERSION = YES;
				GCC_WARN_ABOUT_RETURN_TYPE = YES_ERROR;
				GCC_WARN_UNDECLARED_SELECTOR = YES;
				GCC_WARN_UNINITIALIZED_AUTOS = YES_AGGRESSIVE;
				GCC_WARN_UNUSED_FUNCTION = YES;
				GCC_WARN_UNUSED_VARIABLE = YES;
				IPHONEOS_DEPLOYMENT_TARGET = 17.0;
				LOCALIZATION_PREFERS_STRING_CATALOGS = YES;
				MTL_ENABLE_DEBUG_INFO = NO;
				MTL_FAST_MATH = YES;
				SDKROOT = iphoneos;
				SWIFT_COMPILATION_MODE = wholemodule;
				VALIDATE_PRODUCT = YES;
			};
			name = Release;
		};
		D45CAD1D2C26321D00E54F53 /* Debug */ = {
			isa = XCBuildConfiguration;
			buildSettings = {
				ASSETCATALOG_COMPILER_APPICON_NAME = AppIcon;
				ASSETCATALOG_COMPILER_GLOBAL_ACCENT_COLOR_NAME = AccentColor;
				CODE_SIGN_STYLE = Automatic;
				CURRENT_PROJECT_VERSION = 1;
				DEVELOPMENT_ASSET_PATHS = "\"MegaNZ/Preview Content\"";
				DEVELOPMENT_TEAM = 66ZVHUPV9H;
				ENABLE_PREVIEWS = YES;
				GENERATE_INFOPLIST_FILE = YES;
				INFOPLIST_KEY_UIApplicationSceneManifest_Generation = YES;
				INFOPLIST_KEY_UIApplicationSupportsIndirectInputEvents = YES;
				INFOPLIST_KEY_UILaunchScreen_Generation = YES;
				INFOPLIST_KEY_UISupportedInterfaceOrientations_iPad = "UIInterfaceOrientationPortrait UIInterfaceOrientationPortraitUpsideDown UIInterfaceOrientationLandscapeLeft UIInterfaceOrientationLandscapeRight";
				INFOPLIST_KEY_UISupportedInterfaceOrientations_iPhone = "UIInterfaceOrientationPortrait UIInterfaceOrientationLandscapeLeft UIInterfaceOrientationLandscapeRight";
				LD_RUNPATH_SEARCH_PATHS = (
					"$(inherited)",
					"@executable_path/Frameworks",
				);
				MARKETING_VERSION = 1.0;
				PRODUCT_BUNDLE_IDENTIFIER = com.meganz.MegaNZ;
				PRODUCT_NAME = "$(TARGET_NAME)";
				SWIFT_EMIT_LOC_STRINGS = YES;
				SWIFT_VERSION = 5.0;
				TARGETED_DEVICE_FAMILY = "1,2";
			};
			name = Debug;
		};
		D45CAD1E2C26321D00E54F53 /* Release */ = {
			isa = XCBuildConfiguration;
			buildSettings = {
				ASSETCATALOG_COMPILER_APPICON_NAME = AppIcon;
				ASSETCATALOG_COMPILER_GLOBAL_ACCENT_COLOR_NAME = AccentColor;
				CODE_SIGN_STYLE = Automatic;
				CURRENT_PROJECT_VERSION = 1;
				DEVELOPMENT_ASSET_PATHS = "\"MegaNZ/Preview Content\"";
				DEVELOPMENT_TEAM = 66ZVHUPV9H;
				ENABLE_PREVIEWS = YES;
				GENERATE_INFOPLIST_FILE = YES;
				INFOPLIST_KEY_UIApplicationSceneManifest_Generation = YES;
				INFOPLIST_KEY_UIApplicationSupportsIndirectInputEvents = YES;
				INFOPLIST_KEY_UILaunchScreen_Generation = YES;
				INFOPLIST_KEY_UISupportedInterfaceOrientations_iPad = "UIInterfaceOrientationPortrait UIInterfaceOrientationPortraitUpsideDown UIInterfaceOrientationLandscapeLeft UIInterfaceOrientationLandscapeRight";
				INFOPLIST_KEY_UISupportedInterfaceOrientations_iPhone = "UIInterfaceOrientationPortrait UIInterfaceOrientationLandscapeLeft UIInterfaceOrientationLandscapeRight";
				LD_RUNPATH_SEARCH_PATHS = (
					"$(inherited)",
					"@executable_path/Frameworks",
				);
				MARKETING_VERSION = 1.0;
				PRODUCT_BUNDLE_IDENTIFIER = com.meganz.MegaNZ;
				PRODUCT_NAME = "$(TARGET_NAME)";
				SWIFT_EMIT_LOC_STRINGS = YES;
				SWIFT_VERSION = 5.0;
				TARGETED_DEVICE_FAMILY = "1,2";
			};
			name = Release;
		};
		D45CAD202C26321D00E54F53 /* Debug */ = {
			isa = XCBuildConfiguration;
			buildSettings = {
				ALWAYS_EMBED_SWIFT_STANDARD_LIBRARIES = YES;
				BUNDLE_LOADER = "$(TEST_HOST)";
				CODE_SIGN_STYLE = Automatic;
				CURRENT_PROJECT_VERSION = 1;
				DEVELOPMENT_TEAM = 66ZVHUPV9H;
				GENERATE_INFOPLIST_FILE = YES;
				IPHONEOS_DEPLOYMENT_TARGET = 17.0;
				MARKETING_VERSION = 1.0;
				PRODUCT_BUNDLE_IDENTIFIER = com.meganz.MegaNZTests;
				PRODUCT_NAME = "$(TARGET_NAME)";
				SWIFT_EMIT_LOC_STRINGS = NO;
				SWIFT_VERSION = 5.0;
				TARGETED_DEVICE_FAMILY = "1,2";
				TEST_HOST = "$(BUILT_PRODUCTS_DIR)/MegaNZ.app/$(BUNDLE_EXECUTABLE_FOLDER_PATH)/MegaNZ";
			};
			name = Debug;
		};
		D45CAD212C26321D00E54F53 /* Release */ = {
			isa = XCBuildConfiguration;
			buildSettings = {
				ALWAYS_EMBED_SWIFT_STANDARD_LIBRARIES = YES;
				BUNDLE_LOADER = "$(TEST_HOST)";
				CODE_SIGN_STYLE = Automatic;
				CURRENT_PROJECT_VERSION = 1;
				DEVELOPMENT_TEAM = 66ZVHUPV9H;
				GENERATE_INFOPLIST_FILE = YES;
				IPHONEOS_DEPLOYMENT_TARGET = 17.0;
				MARKETING_VERSION = 1.0;
				PRODUCT_BUNDLE_IDENTIFIER = com.meganz.MegaNZTests;
				PRODUCT_NAME = "$(TARGET_NAME)";
				SWIFT_EMIT_LOC_STRINGS = NO;
				SWIFT_VERSION = 5.0;
				TARGETED_DEVICE_FAMILY = "1,2";
				TEST_HOST = "$(BUILT_PRODUCTS_DIR)/MegaNZ.app/$(BUNDLE_EXECUTABLE_FOLDER_PATH)/MegaNZ";
			};
			name = Release;
		};
		D45CAD232C26321D00E54F53 /* Debug */ = {
			isa = XCBuildConfiguration;
			buildSettings = {
				ALWAYS_EMBED_SWIFT_STANDARD_LIBRARIES = YES;
				CODE_SIGN_STYLE = Automatic;
				CURRENT_PROJECT_VERSION = 1;
				DEVELOPMENT_TEAM = 66ZVHUPV9H;
				GENERATE_INFOPLIST_FILE = YES;
				MARKETING_VERSION = 1.0;
				PRODUCT_BUNDLE_IDENTIFIER = com.meganz.MegaNZUITests;
				PRODUCT_NAME = "$(TARGET_NAME)";
				SWIFT_EMIT_LOC_STRINGS = NO;
				SWIFT_VERSION = 5.0;
				TARGETED_DEVICE_FAMILY = "1,2";
				TEST_TARGET_NAME = MegaNZ;
			};
			name = Debug;
		};
		D45CAD242C26321D00E54F53 /* Release */ = {
			isa = XCBuildConfiguration;
			buildSettings = {
				ALWAYS_EMBED_SWIFT_STANDARD_LIBRARIES = YES;
				CODE_SIGN_STYLE = Automatic;
				CURRENT_PROJECT_VERSION = 1;
				DEVELOPMENT_TEAM = 66ZVHUPV9H;
				GENERATE_INFOPLIST_FILE = YES;
				MARKETING_VERSION = 1.0;
				PRODUCT_BUNDLE_IDENTIFIER = com.meganz.MegaNZUITests;
				PRODUCT_NAME = "$(TARGET_NAME)";
				SWIFT_EMIT_LOC_STRINGS = NO;
				SWIFT_VERSION = 5.0;
				TARGETED_DEVICE_FAMILY = "1,2";
				TEST_TARGET_NAME = MegaNZ;
			};
			name = Release;
		};
/* End XCBuildConfiguration section */

/* Begin XCConfigurationList section */
		D45CACF32C26321C00E54F53 /* Build configuration list for PBXProject "MegaNZ" */ = {
			isa = XCConfigurationList;
			buildConfigurations = (
				D45CAD1A2C26321D00E54F53 /* Debug */,
				D45CAD1B2C26321D00E54F53 /* Release */,
			);
			defaultConfigurationIsVisible = 0;
			defaultConfigurationName = Release;
		};
		D45CAD1C2C26321D00E54F53 /* Build configuration list for PBXNativeTarget "MegaNZ" */ = {
			isa = XCConfigurationList;
			buildConfigurations = (
				D45CAD1D2C26321D00E54F53 /* Debug */,
				D45CAD1E2C26321D00E54F53 /* Release */,
			);
			defaultConfigurationIsVisible = 0;
			defaultConfigurationName = Release;
		};
		D45CAD1F2C26321D00E54F53 /* Build configuration list for PBXNativeTarget "MegaNZTests" */ = {
			isa = XCConfigurationList;
			buildConfigurations = (
				D45CAD202C26321D00E54F53 /* Debug */,
				D45CAD212C26321D00E54F53 /* Release */,
			);
			defaultConfigurationIsVisible = 0;
			defaultConfigurationName = Release;
		};
		D45CAD222C26321D00E54F53 /* Build configuration list for PBXNativeTarget "MegaNZUITests" */ = {
			isa = XCConfigurationList;
			buildConfigurations = (
				D45CAD232C26321D00E54F53 /* Debug */,
				D45CAD242C26321D00E54F53 /* Release */,
			);
			defaultConfigurationIsVisible = 0;
			defaultConfigurationName = Release;
		};
/* End XCConfigurationList section */
	};
	rootObject = D45CACF02C26321C00E54F53 /* Project object */;
}
